<?xml version="1.0" encoding="utf-8"?>
<Project ToolsVersion="4.0" xmlns="http://schemas.microsoft.com/developer/msbuild/2003">
  <ItemGroup>
    <Filter Include="소스 파일">
      <UniqueIdentifier>{4FC737F1-C7A5-4376-A066-2A32D752A2FF}</UniqueIdentifier>
      <Extensions>cpp;c;cc;cxx;def;odl;idl;hpj;bat;asm;asmx</Extensions>
    </Filter>
    <Filter Include="헤더 파일">
      <UniqueIdentifier>{93995380-89BD-4b04-88EB-625FBE52EBFB}</UniqueIdentifier>
      <Extensions>h;hh;hpp;hxx;hm;inl;inc;ipp;xsd</Extensions>
    </Filter>
    <Filter Include="리소스 파일">
      <UniqueIdentifier>{67DA6AB6-F800-4c08-8B7A-83BB121AAD01}</UniqueIdentifier>
      <Extensions>rc;ico;cur;bmp;dlg;rc2;rct;bin;rgs;gif;jpg;jpeg;jpe;resx;tiff;tif;png;wav;mfcribbon-ms</Extensions>
    </Filter>
    <Filter Include="소스 파일\DB">
      <UniqueIdentifier>{75e685ac-5f2c-464f-9bfe-bf9478cac5cd}</UniqueIdentifier>
    </Filter>
    <Filter Include="소스 파일\Network">
      <UniqueIdentifier>{55ffe1cc-311d-44a6-815f-b71cf1fbc8dc}</UniqueIdentifier>
    </Filter>
    <Filter Include="소스 파일\Object">
      <UniqueIdentifier>{e87b7f25-ab3e-44eb-b9ed-a56e186001d2}</UniqueIdentifier>
    </Filter>
    <Filter Include="소스 파일\World">
      <UniqueIdentifier>{2feb7c51-327e-4a10-87ce-3d4a05765cfb}</UniqueIdentifier>
    </Filter>
    <Filter Include="소스 파일\AI">
      <UniqueIdentifier>{82dcd11a-7330-48f0-a808-c36e94333750}</UniqueIdentifier>
    </Filter>
    <Filter Include="소스 파일\Event">
      <UniqueIdentifier>{cef9fb98-fac0-41ca-a283-6f3f8bb79c73}</UniqueIdentifier>
    </Filter>
    <Filter Include="소스 파일\Timer">
      <UniqueIdentifier>{2f7b96db-00c5-4f1d-a860-b004d86ff917}</UniqueIdentifier>
    </Filter>
  </ItemGroup>
  <ItemGroup>
    <ClInclude Include="..\Share\Shares.h">
      <Filter>헤더 파일</Filter>
    </ClInclude>
    <ClInclude Include="GSServer.h">
      <Filter>헤더 파일</Filter>
    </ClInclude>
    <ClInclude Include="stdafx.h">
      <Filter>헤더 파일</Filter>
    </ClInclude>
    <ClInclude Include="..\Share\MsgReconstructor.h">
      <Filter>헤더 파일</Filter>
    </ClInclude>
    <ClInclude Include="DBQuery.h">
      <Filter>소스 파일\DB</Filter>
    </ClInclude>
    <ClInclude Include="DBQueue.h">
      <Filter>소스 파일\DB</Filter>
    </ClInclude>
    <ClInclude Include="NetworkManager.h">
      <Filter>소스 파일\Network</Filter>
    </ClInclude>
    <ClInclude Include="ObjectManager.h">
      <Filter>소스 파일\Object</Filter>
    </ClInclude>
    <ClInclude Include="Globals.h">
      <Filter>헤더 파일</Filter>
    </ClInclude>
    <ClInclude Include="SectorManager.h">
      <Filter>소스 파일\World</Filter>
    </ClInclude>
    <ClInclude Include="LuaFunctionCall.h">
      <Filter>소스 파일\AI</Filter>
    </ClInclude>
    <ClInclude Include="CFunctionsForLua.h">
      <Filter>소스 파일\AI</Filter>
    </ClInclude>
    <ClInclude Include="Event.h">
      <Filter>소스 파일\Event</Filter>
    </ClInclude>
    <ClInclude Include="TimerQueue.h">
      <Filter>소스 파일\Timer</Filter>
    </ClInclude>
    <ClInclude Include="LuaModule.h">
      <Filter>소스 파일\AI</Filter>
    </ClInclude>
    <ClInclude Include="typedef.h">
      <Filter>헤더 파일</Filter>
    </ClInclude>
  </ItemGroup>
  <ItemGroup>
    <ClCompile Include="GSServer.cpp">
      <Filter>소스 파일</Filter>
    </ClCompile>
    <ClCompile Include="..\Share\Shares.cpp">
      <Filter>소스 파일</Filter>
    </ClCompile>
    <ClCompile Include="stdafx.cpp">
      <Filter>소스 파일</Filter>
    </ClCompile>
    <ClCompile Include="DBQuery.cpp">
      <Filter>소스 파일\DB</Filter>
    </ClCompile>
    <ClCompile Include="NetworkManager.cpp">
      <Filter>소스 파일\Network</Filter>
    </ClCompile>
    <ClCompile Include="ObjectManager.cpp">
      <Filter>소스 파일\Object</Filter>
    </ClCompile>
    <ClCompile Include="Globals.cpp">
      <Filter>소스 파일</Filter>
    </ClCompile>
    <ClCompile Include="SectorManager.cpp">
      <Filter>소스 파일\World</Filter>
    </ClCompile>
    <ClCompile Include="LuaFunctionCall.cpp">
      <Filter>소스 파일\AI</Filter>
    </ClCompile>
    <ClCompile Include="CFunctionsForLua.cpp">
      <Filter>소스 파일\AI</Filter>
    </ClCompile>
    <ClCompile Include="TimerQueue.cpp">
      <Filter>소스 파일\Timer</Filter>
    </ClCompile>
    <ClCompile Include="LuaModule.cpp">
      <Filter>소스 파일</Filter>
    </ClCompile>
  </ItemGroup>
</Project>